
Microsoft Visual Studio Solution File, Format Version 12.00
# Visual Studio 15
VisualStudioVersion = 15.0.28307.1433
MinimumVisualStudioVersion = 10.0.40219.1
Project("{FAE04EC0-301F-11D3-BF4B-00C04F79EFBC}") = "SC.RestWebAPI", "SC.RestWebAPI\SC.RestWebAPI.csproj", "{F614C3B2-7C24-46D1-B567-70FAC59BB831}"
EndProject
Project("{FAE04EC0-301F-11D3-BF4B-00C04F79EFBC}") = "SC.DataLayer", "SC.DataLayer\SC.DataLayer.csproj", "{0E2C233A-23B9-4551-BE8F-CBAFB09BC3CF}"
EndProject
Global
	GlobalSection(SolutionConfigurationPlatforms) = preSolution
		Debug|Any CPU = Debug|Any CPU
		Release|Any CPU = Release|Any CPU
	EndGlobalSection
	GlobalSection(ProjectConfigurationPlatforms) = postSolution
		{F614C3B2-7C24-46D1-B567-70FAC59BB831}.Debug|Any CPU.ActiveCfg = Debug|Any CPU
		{F614C3B2-7C24-46D1-B567-70FAC59BB831}.Debug|Any CPU.Build.0 = Debug|Any CPU
		{F614C3B2-7C24-46D1-B567-70FAC59BB831}.Release|Any CPU.ActiveCfg = Release|Any CPU
		{F614C3B2-7C24-46D1-B567-70FAC59BB831}.Release|Any CPU.Build.0 = Release|Any CPU
		{0E2C233A-23B9-4551-BE8F-CBAFB09BC3CF}.Debug|Any CPU.ActiveCfg = Debug|Any CPU
		{0E2C233A-23B9-4551-BE8F-CBAFB09BC3CF}.Debug|Any CPU.Build.0 = Debug|Any CPU
		{0E2C233A-23B9-4551-BE8F-CBAFB09BC3CF}.Release|Any CPU.ActiveCfg = Release|Any CPU
		{0E2C233A-23B9-4551-BE8F-CBAFB09BC3CF}.Release|Any CPU.Build.0 = Release|Any CPU
	EndGlobalSection
	GlobalSection(SolutionProperties) = preSolution
		HideSolutionNode = FALSE
	EndGlobalSection
	GlobalSection(ExtensibilityGlobals) = postSolution
		SolutionGuid = {FAB64ABC-BBE7-4F87-88B3-775B1B16633F}
	EndGlobalSection
EndGlobal
